
Microsoft Visual Studio Solution File, Format Version 12.00
# Visual Studio 15
VisualStudioVersion = 15.0.27004.2006
MinimumVisualStudioVersion = 10.0.40219.1
Project("{9A19103F-16F7-4668-BE54-9A1E7A4F7556}") = "VueJsWebApi", "src\VueJsWebApi.csproj", "{BC1673E8-1C9D-4ECB-9896-E888B12F78EF}"
EndProject
Global
	GlobalSection(SolutionConfigurationPlatforms) = preSolution
		Debug|Any CPU = Debug|Any CPU
		Release|Any CPU = Release|Any CPU
	EndGlobalSection
	GlobalSection(ProjectConfigurationPlatforms) = postSolution
		{BC1673E8-1C9D-4ECB-9896-E888B12F78EF}.Debug|Any CPU.ActiveCfg = Debug|Any CPU
		{BC1673E8-1C9D-4ECB-9896-E888B12F78EF}.Debug|Any CPU.Build.0 = Debug|Any CPU
		{BC1673E8-1C9D-4ECB-9896-E888B12F78EF}.Release|Any CPU.ActiveCfg = Release|Any CPU
		{BC1673E8-1C9D-4ECB-9896-E888B12F78EF}.Release|Any CPU.Build.0 = Release|Any CPU
	EndGlobalSection
	GlobalSection(SolutionProperties) = preSolution
		HideSolutionNode = FALSE
	EndGlobalSection
	GlobalSection(ExtensibilityGlobals) = postSolution
		SolutionGuid = {AE0D3803-17D9-4C3A-8776-109B2141D434}
	EndGlobalSection
EndGlobal
